// !$*UTF8*$!
{
	archiveVersion = 1;
	classes = {
	};
	objectVersion = 77;
	objects = {

/* Begin PBXBuildFile section */
		031D6937E61AC161FE3630D4 /* AuditView.swift in Sources */ = {isa = PBXBuildFile; fileRef = 251C5C2627FD17C61A986053 /* AuditView.swift */; };
		0805B09651FBC60ED2B1F2CD /* SurfRunView.swift in Sources */ = {isa = PBXBuildFile; fileRef = F0CFF84848C477B2B3264A64 /* SurfRunView.swift */; };
		08962059E80F11B979C4C31C /* WebSocketClient.swift in Sources */ = {isa = PBXBuildFile; fileRef = 520E0AE34E01CC3ECEF49928 /* WebSocketClient.swift */; };
		091D2F4E1050EAF98F72B1B1 /* ConversationView.swift in Sources */ = {isa = PBXBuildFile; fileRef = F9E90A433CF0CAC8986218C6 /* ConversationView.swift */; };
		0AC7612397D7D0B4E07DD2AC /* EmptyHint.swift in Sources */ = {isa = PBXBuildFile; fileRef = 5CADBAC8F028F13BC61D5286 /* EmptyHint.swift */; };
		11DFAF56423D11C5DDBE2C34 /* ServerImage.swift in Sources */ = {isa = PBXBuildFile; fileRef = 24E4E56DDBD71AB05278A385 /* ServerImage.swift */; };
		18BC93D327B246AC5A5AB9B4 /* TabHeaderBar.swift in Sources */ = {isa = PBXBuildFile; fileRef = 288EC6D8680B326A27B8A731 /* TabHeaderBar.swift */; };
		24896FE870AF890607D5C008 /* Theme.swift in Sources */ = {isa = PBXBuildFile; fileRef = 0424B09389C21A9BB73F1069 /* Theme.swift */; };
		2A629BF058F4834777600BE4 /* Haptics.swift in Sources */ = {isa = PBXBuildFile; fileRef = 54274B6144493F79AB8DC3D1 /* Haptics.swift */; };
		320BE7FC705A8E6089901005 /* PortraitDetailView.swift in Sources */ = {isa = PBXBuildFile; fileRef = 0C0AE97BB2BD9387C69ACC8D /* PortraitDetailView.swift */; };
		38FCC07405D2C9B619FFC027 /* BubbleView.swift in Sources */ = {isa = PBXBuildFile; fileRef = F932206D62405FD4C1F0143B /* BubbleView.swift */; };
		3AA49E1DEB947D1B011567D2 /* ReviewTabView.swift in Sources */ = {isa = PBXBuildFile; fileRef = 18D9EF4DD5B891AA57C8D835 /* ReviewTabView.swift */; };
		3C3ED2E76A920B9A0F6E99FB /* AccountsView.swift in Sources */ = {isa = PBXBuildFile; fileRef = 14244B4958F792B2FE2FDE5A /* AccountsView.swift */; };
		3C7E3014585C7C0E7E915014 /* DebateRoundView.swift in Sources */ = {isa = PBXBuildFile; fileRef = F883A93862FE10AC98EE0FDD /* DebateRoundView.swift */; };
		4652FC81866F99C1C6AE6A11 /* TypingDots.swift in Sources */ = {isa = PBXBuildFile; fileRef = 6FEEDBCFBE31FB849F1F40E0 /* TypingDots.swift */; };
		48F89A47F914E0463C91D6BB /* BotAvatar.swift in Sources */ = {isa = PBXBuildFile; fileRef = 279FB8EA2B3130084E4F8C44 /* BotAvatar.swift */; };
		4B188C25211FC2C93428265C /* MarkdownText.swift in Sources */ = {isa = PBXBuildFile; fileRef = 296C608D9B4B9E5870149CD4 /* MarkdownText.swift */; };
		4B8F775758566FA94BB05F1B /* ColorHash.swift in Sources */ = {isa = PBXBuildFile; fileRef = A556C3B2E5456D4E589468E3 /* ColorHash.swift */; };
		61B9F7BF2AE1D63124CD6B5E /* ModelPicker.swift in Sources */ = {isa = PBXBuildFile; fileRef = 7CA54E69A2AB50E902FF3E4E /* ModelPicker.swift */; };
		624542244CE3957C2DAD747E /* MeTabView.swift in Sources */ = {isa = PBXBuildFile; fileRef = 2F5A6C6876FF131B3D8AA437 /* MeTabView.swift */; };
		642FBF31ECF09038C94D6065 /* TabTitle.swift in Sources */ = {isa = PBXBuildFile; fileRef = A15111FAA33922E228085D64 /* TabTitle.swift */; };
		68CC7CE5D41AC8BE5940E886 /* Clerk in Frameworks */ = {isa = PBXBuildFile; productRef = AFDB3E0118BAB00C005053FA /* Clerk */; };
		700ACB092004D07FC5D83EE8 /* SurfTabView.swift in Sources */ = {isa = PBXBuildFile; fileRef = A4CD99E3CADF2990A5EF1A40 /* SurfTabView.swift */; };
		717787F9954D7ACBBF05CE62 /* APIClient.swift in Sources */ = {isa = PBXBuildFile; fileRef = CA3C55E2C308AF92E34C9383 /* APIClient.swift */; };
		725DDD43D66F38A339B6EE39 /* TabRoot.swift in Sources */ = {isa = PBXBuildFile; fileRef = FB16E5402FB9F31D68B74165 /* TabRoot.swift */; };
		73218F689FB323F50181FA6F /* PendingBotApp.swift in Sources */ = {isa = PBXBuildFile; fileRef = 4230E5DEF138A3DC7320FD18 /* PendingBotApp.swift */; };
		7441BBB82513354F86E2D12E /* ChatActionSheet.swift in Sources */ = {isa = PBXBuildFile; fileRef = 37E2067C1C372EB858B6A6DC /* ChatActionSheet.swift */; };
		756AB114C3C20E0E06623B83 /* MessageTabView.swift in Sources */ = {isa = PBXBuildFile; fileRef = E68B229EDD3BD50361009601 /* MessageTabView.swift */; };
		7EC924CCEF279940B5934910 /* ConversationSettingsView.swift in Sources */ = {isa = PBXBuildFile; fileRef = C99F8DD8956403453040B34E /* ConversationSettingsView.swift */; };
		83035210F6619E0993F92CEE /* CodeRunnerSheet.swift in Sources */ = {isa = PBXBuildFile; fileRef = 6A573816C9B62D5FDB2747B1 /* CodeRunnerSheet.swift */; };
		836B075E7D4B70630FCA593D /* SSEClient.swift in Sources */ = {isa = PBXBuildFile; fileRef = 9034AEB82955054D718A96FC /* SSEClient.swift */; };
		88978249B3DE9BBB9F495363 /* SwipeRevealRow.swift in Sources */ = {isa = PBXBuildFile; fileRef = E08EA5C0C04D043A83FDCB72 /* SwipeRevealRow.swift */; };
		93195F559ABAEBD132E64F17 /* MarkdownUI in Frameworks */ = {isa = PBXBuildFile; productRef = 23AC5D1A6CD4C748003E6936 /* MarkdownUI */; };
		94657E0860679B913AE1A78D /* SkillsView.swift in Sources */ = {isa = PBXBuildFile; fileRef = 47CBECD15BE9204330CB00AD /* SkillsView.swift */; };
		96C09BE5D54583A8016A5E8B /* Assets.xcassets in Resources */ = {isa = PBXBuildFile; fileRef = 2CE994684E5E6189CC090363 /* Assets.xcassets */; };
		A015F5C92DDE84FF6D4BAAEB /* AccountStore.swift in Sources */ = {isa = PBXBuildFile; fileRef = 4CC956D0BC262560F70E112A /* AccountStore.swift */; };
		B3417CC338433628B03B7B1D /* SplitNav.swift in Sources */ = {isa = PBXBuildFile; fileRef = 855E9460774778B78AA51DE3 /* SplitNav.swift */; };
		B4CE20E56EB24A8AB3F753DC /* DebateTabView.swift in Sources */ = {isa = PBXBuildFile; fileRef = 2E5EB0C1B292D321D06A3AF9 /* DebateTabView.swift */; };
		B69D09F6BADA9D4AA47C3CA3 /* Account.swift in Sources */ = {isa = PBXBuildFile; fileRef = 749E1E89D81BCBC4FF10E935 /* Account.swift */; };
		BB86AB9AFA3A0EDAA7473700 /* Keychain.swift in Sources */ = {isa = PBXBuildFile; fileRef = 30495B623EBB8262B0F70B38 /* Keychain.swift */; };
		BCD29055EFBB2401B116B6E3 /* ReviewRunView.swift in Sources */ = {isa = PBXBuildFile; fileRef = CA091E53725CB117DDA3DE74 /* ReviewRunView.swift */; };
		C9E3C5E3131CA2014728F4BE /* APIModels.swift in Sources */ = {isa = PBXBuildFile; fileRef = F22DAAC2BF897900CBB54FCD /* APIModels.swift */; };
		DE00C4B1C0C0AAB4F6B05B01 /* UnreadStore.swift in Sources */ = {isa = PBXBuildFile; fileRef = 942CC4F48E3DD6424C534120 /* UnreadStore.swift */; };
		EABBC05F4DAA86B67E517662 /* HostedConfig.swift in Sources */ = {isa = PBXBuildFile; fileRef = C608CB73D14B114D2399FE59 /* HostedConfig.swift */; };
		EAE5D86E4ECF3FDA0C9C43D3 /* WelcomeView.swift in Sources */ = {isa = PBXBuildFile; fileRef = E688431D1768A5D1A6F573EA /* WelcomeView.swift */; };
		F21D3DA278967B87BA15A3EF /* ComposerView.swift in Sources */ = {isa = PBXBuildFile; fileRef = 3085FEC82B399B97022B1078 /* ComposerView.swift */; };
/* End PBXBuildFile section */

/* Begin PBXFileReference section */
		0424B09389C21A9BB73F1069 /* Theme.swift */ = {isa = PBXFileReference; lastKnownFileType = sourcecode.swift; path = Theme.swift; sourceTree = "<group>"; };
		0C0AE97BB2BD9387C69ACC8D /* PortraitDetailView.swift */ = {isa = PBXFileReference; lastKnownFileType = sourcecode.swift; path = PortraitDetailView.swift; sourceTree = "<group>"; };
		14244B4958F792B2FE2FDE5A /* AccountsView.swift */ = {isa = PBXFileReference; lastKnownFileType = sourcecode.swift; path = AccountsView.swift; sourceTree = "<group>"; };
		18D9EF4DD5B891AA57C8D835 /* ReviewTabView.swift */ = {isa = PBXFileReference; lastKnownFileType = sourcecode.swift; path = ReviewTabView.swift; sourceTree = "<group>"; };
		24E4E56DDBD71AB05278A385 /* ServerImage.swift */ = {isa = PBXFileReference; lastKnownFileType = sourcecode.swift; path = ServerImage.swift; sourceTree = "<group>"; };
		251C5C2627FD17C61A986053 /* AuditView.swift */ = {isa = PBXFileReference; lastKnownFileType = sourcecode.swift; path = AuditView.swift; sourceTree = "<group>"; };
		279FB8EA2B3130084E4F8C44 /* BotAvatar.swift */ = {isa = PBXFileReference; lastKnownFileType = sourcecode.swift; path = BotAvatar.swift; sourceTree = "<group>"; };
		288EC6D8680B326A27B8A731 /* TabHeaderBar.swift */ = {isa = PBXFileReference; lastKnownFileType = sourcecode.swift; path = TabHeaderBar.swift; sourceTree = "<group>"; };
		296C608D9B4B9E5870149CD4 /* MarkdownText.swift */ = {isa = PBXFileReference; lastKnownFileType = sourcecode.swift; path = MarkdownText.swift; sourceTree = "<group>"; };
		2CE994684E5E6189CC090363 /* Assets.xcassets */ = {isa = PBXFileReference; lastKnownFileType = folder.assetcatalog; path = Assets.xcassets; sourceTree = "<group>"; };
		2E5EB0C1B292D321D06A3AF9 /* DebateTabView.swift */ = {isa = PBXFileReference; lastKnownFileType = sourcecode.swift; path = DebateTabView.swift; sourceTree = "<group>"; };
		2F5A6C6876FF131B3D8AA437 /* MeTabView.swift */ = {isa = PBXFileReference; lastKnownFileType = sourcecode.swift; path = MeTabView.swift; sourceTree = "<group>"; };
		30495B623EBB8262B0F70B38 /* Keychain.swift */ = {isa = PBXFileReference; lastKnownFileType = sourcecode.swift; path = Keychain.swift; sourceTree = "<group>"; };
		3085FEC82B399B97022B1078 /* ComposerView.swift */ = {isa = PBXFileReference; lastKnownFileType = sourcecode.swift; path = ComposerView.swift; sourceTree = "<group>"; };
		37E2067C1C372EB858B6A6DC /* ChatActionSheet.swift */ = {isa = PBXFileReference; lastKnownFileType = sourcecode.swift; path = ChatActionSheet.swift; sourceTree = "<group>"; };
		4230E5DEF138A3DC7320FD18 /* PendingBotApp.swift */ = {isa = PBXFileReference; lastKnownFileType = sourcecode.swift; path = PendingBotApp.swift; sourceTree = "<group>"; };
		42A11830F64F80977210B443 /* PendingBot.app */ = {isa = PBXFileReference; includeInIndex = 0; lastKnownFileType = wrapper.application; path = PendingBot.app; sourceTree = BUILT_PRODUCTS_DIR; };
		47CBECD15BE9204330CB00AD /* SkillsView.swift */ = {isa = PBXFileReference; lastKnownFileType = sourcecode.swift; path = SkillsView.swift; sourceTree = "<group>"; };
		4CC956D0BC262560F70E112A /* AccountStore.swift */ = {isa = PBXFileReference; lastKnownFileType = sourcecode.swift; path = AccountStore.swift; sourceTree = "<group>"; };
		520E0AE34E01CC3ECEF49928 /* WebSocketClient.swift */ = {isa = PBXFileReference; lastKnownFileType = sourcecode.swift; path = WebSocketClient.swift; sourceTree = "<group>"; };
		54274B6144493F79AB8DC3D1 /* Haptics.swift */ = {isa = PBXFileReference; lastKnownFileType = sourcecode.swift; path = Haptics.swift; sourceTree = "<group>"; };
		5CADBAC8F028F13BC61D5286 /* EmptyHint.swift */ = {isa = PBXFileReference; lastKnownFileType = sourcecode.swift; path = EmptyHint.swift; sourceTree = "<group>"; };
		6A573816C9B62D5FDB2747B1 /* CodeRunnerSheet.swift */ = {isa = PBXFileReference; lastKnownFileType = sourcecode.swift; path = CodeRunnerSheet.swift; sourceTree = "<group>"; };
		6FEEDBCFBE31FB849F1F40E0 /* TypingDots.swift */ = {isa = PBXFileReference; lastKnownFileType = sourcecode.swift; path = TypingDots.swift; sourceTree = "<group>"; };
		749E1E89D81BCBC4FF10E935 /* Account.swift */ = {isa = PBXFileReference; lastKnownFileType = sourcecode.swift; path = Account.swift; sourceTree = "<group>"; };
		7CA54E69A2AB50E902FF3E4E /* ModelPicker.swift */ = {isa = PBXFileReference; lastKnownFileType = sourcecode.swift; path = ModelPicker.swift; sourceTree = "<group>"; };
		855E9460774778B78AA51DE3 /* SplitNav.swift */ = {isa = PBXFileReference; lastKnownFileType = sourcecode.swift; path = SplitNav.swift; sourceTree = "<group>"; };
		9034AEB82955054D718A96FC /* SSEClient.swift */ = {isa = PBXFileReference; lastKnownFileType = sourcecode.swift; path = SSEClient.swift; sourceTree = "<group>"; };
		942CC4F48E3DD6424C534120 /* UnreadStore.swift */ = {isa = PBXFileReference; lastKnownFileType = sourcecode.swift; path = UnreadStore.swift; sourceTree = "<group>"; };
		A15111FAA33922E228085D64 /* TabTitle.swift */ = {isa = PBXFileReference; lastKnownFileType = sourcecode.swift; path = TabTitle.swift; sourceTree = "<group>"; };
		A4CD99E3CADF2990A5EF1A40 /* SurfTabView.swift */ = {isa = PBXFileReference; lastKnownFileType = sourcecode.swift; path = SurfTabView.swift; sourceTree = "<group>"; };
		A556C3B2E5456D4E589468E3 /* ColorHash.swift */ = {isa = PBXFileReference; lastKnownFileType = sourcecode.swift; path = ColorHash.swift; sourceTree = "<group>"; };
		C608CB73D14B114D2399FE59 /* HostedConfig.swift */ = {isa = PBXFileReference; lastKnownFileType = sourcecode.swift; path = HostedConfig.swift; sourceTree = "<group>"; };
		C99F8DD8956403453040B34E /* ConversationSettingsView.swift */ = {isa = PBXFileReference; lastKnownFileType = sourcecode.swift; path = ConversationSettingsView.swift; sourceTree = "<group>"; };
		CA091E53725CB117DDA3DE74 /* ReviewRunView.swift */ = {isa = PBXFileReference; lastKnownFileType = sourcecode.swift; path = ReviewRunView.swift; sourceTree = "<group>"; };
		CA3C55E2C308AF92E34C9383 /* APIClient.swift */ = {isa = PBXFileReference; lastKnownFileType = sourcecode.swift; path = APIClient.swift; sourceTree = "<group>"; };
		E08EA5C0C04D043A83FDCB72 /* SwipeRevealRow.swift */ = {isa = PBXFileReference; lastKnownFileType = sourcecode.swift; path = SwipeRevealRow.swift; sourceTree = "<group>"; };
		E645F05DF9FDA2B208F6C8BE /* PendingBot.entitlements */ = {isa = PBXFileReference; lastKnownFileType = text.plist.entitlements; path = PendingBot.entitlements; sourceTree = "<group>"; };
		E688431D1768A5D1A6F573EA /* WelcomeView.swift */ = {isa = PBXFileReference; lastKnownFileType = sourcecode.swift; path = WelcomeView.swift; sourceTree = "<group>"; };
		E68B229EDD3BD50361009601 /* MessageTabView.swift */ = {isa = PBXFileReference; lastKnownFileType = sourcecode.swift; path = MessageTabView.swift; sourceTree = "<group>"; };
		F0CFF84848C477B2B3264A64 /* SurfRunView.swift */ = {isa = PBXFileReference; lastKnownFileType = sourcecode.swift; path = SurfRunView.swift; sourceTree = "<group>"; };
		F22DAAC2BF897900CBB54FCD /* APIModels.swift */ = {isa = PBXFileReference; lastKnownFileType = sourcecode.swift; path = APIModels.swift; sourceTree = "<group>"; };
		F883A93862FE10AC98EE0FDD /* DebateRoundView.swift */ = {isa = PBXFileReference; lastKnownFileType = sourcecode.swift; path = DebateRoundView.swift; sourceTree = "<group>"; };
		F932206D62405FD4C1F0143B /* BubbleView.swift */ = {isa = PBXFileReference; lastKnownFileType = sourcecode.swift; path = BubbleView.swift; sourceTree = "<group>"; };
		F9E90A433CF0CAC8986218C6 /* ConversationView.swift */ = {isa = PBXFileReference; lastKnownFileType = sourcecode.swift; path = ConversationView.swift; sourceTree = "<group>"; };
		FB16E5402FB9F31D68B74165 /* TabRoot.swift */ = {isa = PBXFileReference; lastKnownFileType = sourcecode.swift; path = TabRoot.swift; sourceTree = "<group>"; };
/* End PBXFileReference section */

/* Begin PBXFrameworksBuildPhase section */
		98B97DDECE2DD7036F70C709 /* Frameworks */ = {
			isa = PBXFrameworksBuildPhase;
			buildActionMask = 2147483647;
			files = (
				93195F559ABAEBD132E64F17 /* MarkdownUI in Frameworks */,
				68CC7CE5D41AC8BE5940E886 /* Clerk in Frameworks */,
			);
			runOnlyForDeploymentPostprocessing = 0;
		};
/* End PBXFrameworksBuildPhase section */

/* Begin PBXGroup section */
		01B73E71EA7DB2B143B2DB44 /* Review */ = {
			isa = PBXGroup;
			children = (
				CA091E53725CB117DDA3DE74 /* ReviewRunView.swift */,
				18D9EF4DD5B891AA57C8D835 /* ReviewTabView.swift */,
			);
			path = Review;
			sourceTree = "<group>";
		};
		29EC7FBDB8A8D861F7A6286D /* Surf */ = {
			isa = PBXGroup;
			children = (
				F0CFF84848C477B2B3264A64 /* SurfRunView.swift */,
				A4CD99E3CADF2990A5EF1A40 /* SurfTabView.swift */,
			);
			path = Surf;
			sourceTree = "<group>";
		};
		30F234D9CD8AD104ECF54BAC /* Audit */ = {
			isa = PBXGroup;
			children = (
				251C5C2627FD17C61A986053 /* AuditView.swift */,
			);
			path = Audit;
			sourceTree = "<group>";
		};
		323A9857EA55EEE2C79C9304 /* Models */ = {
			isa = PBXGroup;
			children = (
				749E1E89D81BCBC4FF10E935 /* Account.swift */,
				F22DAAC2BF897900CBB54FCD /* APIModels.swift */,
			);
			path = Models;
			sourceTree = "<group>";
		};
		3D8FF77E58261CCFB943BE90 /* Message */ = {
			isa = PBXGroup;
			children = (
				F932206D62405FD4C1F0143B /* BubbleView.swift */,
				37E2067C1C372EB858B6A6DC /* ChatActionSheet.swift */,
				3085FEC82B399B97022B1078 /* ComposerView.swift */,
				C99F8DD8956403453040B34E /* ConversationSettingsView.swift */,
				F9E90A433CF0CAC8986218C6 /* ConversationView.swift */,
				E68B229EDD3BD50361009601 /* MessageTabView.swift */,
			);
			path = Message;
			sourceTree = "<group>";
		};
		5345D52902A52221FE922D90 /* Skills */ = {
			isa = PBXGroup;
			children = (
				47CBECD15BE9204330CB00AD /* SkillsView.swift */,
			);
			path = Skills;
			sourceTree = "<group>";
		};
		5499C93C9DF42D382007DFA9 /* Products */ = {
			isa = PBXGroup;
			children = (
				42A11830F64F80977210B443 /* PendingBot.app */,
			);
			name = Products;
			sourceTree = "<group>";
		};
		6D7062BA685D217E2A37911D /* Storage */ = {
			isa = PBXGroup;
			children = (
				4CC956D0BC262560F70E112A /* AccountStore.swift */,
				30495B623EBB8262B0F70B38 /* Keychain.swift */,
				942CC4F48E3DD6424C534120 /* UnreadStore.swift */,
			);
			path = Storage;
			sourceTree = "<group>";
		};
		80A588C8CF0E783AF781513B /* Root */ = {
			isa = PBXGroup;
			children = (
				FB16E5402FB9F31D68B74165 /* TabRoot.swift */,
			);
			path = Root;
			sourceTree = "<group>";
		};
		8EECA9539CEAF3AEAFBBB643 /* PendingBot */ = {
			isa = PBXGroup;
			children = (
				F8DE6727FE3A6A431BBFF963 /* Components */,
				D425DF7EF5B531FBCAD1426A /* Features */,
				323A9857EA55EEE2C79C9304 /* Models */,
				D34FA93B8FE156C1C5B774F2 /* Networking */,
				FABD90DE005E2D5E0D83D292 /* Resources */,
				6D7062BA685D217E2A37911D /* Storage */,
				4230E5DEF138A3DC7320FD18 /* PendingBotApp.swift */,
			);
			path = PendingBot;
			sourceTree = "<group>";
		};
		958326C719A4CEB4774C6166 /* Me */ = {
			isa = PBXGroup;
			children = (
				14244B4958F792B2FE2FDE5A /* AccountsView.swift */,
				2F5A6C6876FF131B3D8AA437 /* MeTabView.swift */,
			);
			path = Me;
			sourceTree = "<group>";
		};
		9FD38564E0AC9BB23596D96C = {
			isa = PBXGroup;
			children = (
				8EECA9539CEAF3AEAFBBB643 /* PendingBot */,
				5499C93C9DF42D382007DFA9 /* Products */,
			);
			sourceTree = "<group>";
		};
		A64EF4A1A55D8F31CC3F2244 /* Onboarding */ = {
			isa = PBXGroup;
			children = (
				E688431D1768A5D1A6F573EA /* WelcomeView.swift */,
			);
			path = Onboarding;
			sourceTree = "<group>";
		};
		D34FA93B8FE156C1C5B774F2 /* Networking */ = {
			isa = PBXGroup;
			children = (
				CA3C55E2C308AF92E34C9383 /* APIClient.swift */,
				C608CB73D14B114D2399FE59 /* HostedConfig.swift */,
				9034AEB82955054D718A96FC /* SSEClient.swift */,
				520E0AE34E01CC3ECEF49928 /* WebSocketClient.swift */,
			);
			path = Networking;
			sourceTree = "<group>";
		};
		D425DF7EF5B531FBCAD1426A /* Features */ = {
			isa = PBXGroup;
			children = (
				30F234D9CD8AD104ECF54BAC /* Audit */,
				D88A5138024683061A90FE47 /* Debate */,
				958326C719A4CEB4774C6166 /* Me */,
				3D8FF77E58261CCFB943BE90 /* Message */,
				A64EF4A1A55D8F31CC3F2244 /* Onboarding */,
				E9BC4DAABED54FA43935603C /* Portrait */,
				01B73E71EA7DB2B143B2DB44 /* Review */,
				80A588C8CF0E783AF781513B /* Root */,
				5345D52902A52221FE922D90 /* Skills */,
				29EC7FBDB8A8D861F7A6286D /* Surf */,
			);
			path = Features;
			sourceTree = "<group>";
		};
		D88A5138024683061A90FE47 /* Debate */ = {
			isa = PBXGroup;
			children = (
				F883A93862FE10AC98EE0FDD /* DebateRoundView.swift */,
				2E5EB0C1B292D321D06A3AF9 /* DebateTabView.swift */,
			);
			path = Debate;
			sourceTree = "<group>";
		};
		E9BC4DAABED54FA43935603C /* Portrait */ = {
			isa = PBXGroup;
			children = (
				0C0AE97BB2BD9387C69ACC8D /* PortraitDetailView.swift */,
			);
			path = Portrait;
			sourceTree = "<group>";
		};
		F8DE6727FE3A6A431BBFF963 /* Components */ = {
			isa = PBXGroup;
			children = (
				279FB8EA2B3130084E4F8C44 /* BotAvatar.swift */,
				6A573816C9B62D5FDB2747B1 /* CodeRunnerSheet.swift */,
				A556C3B2E5456D4E589468E3 /* ColorHash.swift */,
				5CADBAC8F028F13BC61D5286 /* EmptyHint.swift */,
				54274B6144493F79AB8DC3D1 /* Haptics.swift */,
				296C608D9B4B9E5870149CD4 /* MarkdownText.swift */,
				7CA54E69A2AB50E902FF3E4E /* ModelPicker.swift */,
				24E4E56DDBD71AB05278A385 /* ServerImage.swift */,
				855E9460774778B78AA51DE3 /* SplitNav.swift */,
				E08EA5C0C04D043A83FDCB72 /* SwipeRevealRow.swift */,
				288EC6D8680B326A27B8A731 /* TabHeaderBar.swift */,
				A15111FAA33922E228085D64 /* TabTitle.swift */,
				0424B09389C21A9BB73F1069 /* Theme.swift */,
				6FEEDBCFBE31FB849F1F40E0 /* TypingDots.swift */,
			);
			path = Components;
			sourceTree = "<group>";
		};
		FABD90DE005E2D5E0D83D292 /* Resources */ = {
			isa = PBXGroup;
			children = (
				2CE994684E5E6189CC090363 /* Assets.xcassets */,
				E645F05DF9FDA2B208F6C8BE /* PendingBot.entitlements */,
			);
			path = Resources;
			sourceTree = "<group>";
		};
/* End PBXGroup section */

/* Begin PBXNativeTarget section */
		0FB9E4A40FB8B7F37D091079 /* PendingBot */ = {
			isa = PBXNativeTarget;
			buildConfigurationList = E443C09870F236B5BCD1BDB0 /* Build configuration list for PBXNativeTarget "PendingBot" */;
			buildPhases = (
				65F7DAB3D50FA1D92EC0F8BB /* Sources */,
				49321AEA4AC04FCB01280B8E /* Resources */,
				98B97DDECE2DD7036F70C709 /* Frameworks */,
			);
			buildRules = (
			);
			dependencies = (
			);
			name = PendingBot;
			packageProductDependencies = (
				23AC5D1A6CD4C748003E6936 /* MarkdownUI */,
				AFDB3E0118BAB00C005053FA /* Clerk */,
			);
			productName = PendingBot;
			productReference = 42A11830F64F80977210B443 /* PendingBot.app */;
			productType = "com.apple.product-type.application";
		};
/* End PBXNativeTarget section */

/* Begin PBXProject section */
		742AE513BA55E25659A573B4 /* Project object */ = {
			isa = PBXProject;
			attributes = {
				BuildIndependentTargetsInParallel = YES;
				LastUpgradeCheck = 1430;
				TargetAttributes = {
					0FB9E4A40FB8B7F37D091079 = {
						DevelopmentTeam = M42BKJN82S;
						ProvisioningStyle = Automatic;
					};
				};
			};
			buildConfigurationList = C2C2521DE8AAF2696FC3F88B /* Build configuration list for PBXProject "PendingBot" */;
			developmentRegion = "zh-Hans";
			hasScannedForEncodings = 0;
			knownRegions = (
				Base,
				"zh-Hans",
			);
			mainGroup = 9FD38564E0AC9BB23596D96C;
			minimizedProjectReferenceProxies = 1;
			packageReferences = (
				5FBE73A66C7BD9E03B2ACD1D /* XCRemoteSwiftPackageReference "clerk-ios" */,
				96B306B367BFCB52C99F8552 /* XCRemoteSwiftPackageReference "swift-markdown-ui" */,
			);
			preferredProjectObjectVersion = 77;
			productRefGroup = 5499C93C9DF42D382007DFA9 /* Products */;
			projectDirPath = "";
			projectRoot = "";
			targets = (
				0FB9E4A40FB8B7F37D091079 /* PendingBot */,
			);
		};
/* End PBXProject section */

/* Begin PBXResourcesBuildPhase section */
		49321AEA4AC04FCB01280B8E /* Resources */ = {
			isa = PBXResourcesBuildPhase;
			buildActionMask = 2147483647;
			files = (
				96C09BE5D54583A8016A5E8B /* Assets.xcassets in Resources */,
			);
			runOnlyForDeploymentPostprocessing = 0;
		};
/* End PBXResourcesBuildPhase section */

/* Begin PBXSourcesBuildPhase section */
		65F7DAB3D50FA1D92EC0F8BB /* Sources */ = {
			isa = PBXSourcesBuildPhase;
			buildActionMask = 2147483647;
			files = (
				717787F9954D7ACBBF05CE62 /* APIClient.swift in Sources */,
				C9E3C5E3131CA2014728F4BE /* APIModels.swift in Sources */,
				B69D09F6BADA9D4AA47C3CA3 /* Account.swift in Sources */,
				A015F5C92DDE84FF6D4BAAEB /* AccountStore.swift in Sources */,
				3C3ED2E76A920B9A0F6E99FB /* AccountsView.swift in Sources */,
				031D6937E61AC161FE3630D4 /* AuditView.swift in Sources */,
				48F89A47F914E0463C91D6BB /* BotAvatar.swift in Sources */,
				38FCC07405D2C9B619FFC027 /* BubbleView.swift in Sources */,
				7441BBB82513354F86E2D12E /* ChatActionSheet.swift in Sources */,
				83035210F6619E0993F92CEE /* CodeRunnerSheet.swift in Sources */,
				4B8F775758566FA94BB05F1B /* ColorHash.swift in Sources */,
				F21D3DA278967B87BA15A3EF /* ComposerView.swift in Sources */,
				7EC924CCEF279940B5934910 /* ConversationSettingsView.swift in Sources */,
				091D2F4E1050EAF98F72B1B1 /* ConversationView.swift in Sources */,
				3C7E3014585C7C0E7E915014 /* DebateRoundView.swift in Sources */,
				B4CE20E56EB24A8AB3F753DC /* DebateTabView.swift in Sources */,
				0AC7612397D7D0B4E07DD2AC /* EmptyHint.swift in Sources */,
				2A629BF058F4834777600BE4 /* Haptics.swift in Sources */,
				EABBC05F4DAA86B67E517662 /* HostedConfig.swift in Sources */,
				BB86AB9AFA3A0EDAA7473700 /* Keychain.swift in Sources */,
				4B188C25211FC2C93428265C /* MarkdownText.swift in Sources */,
				624542244CE3957C2DAD747E /* MeTabView.swift in Sources */,
				756AB114C3C20E0E06623B83 /* MessageTabView.swift in Sources */,
				61B9F7BF2AE1D63124CD6B5E /* ModelPicker.swift in Sources */,
				73218F689FB323F50181FA6F /* PendingBotApp.swift in Sources */,
				320BE7FC705A8E6089901005 /* PortraitDetailView.swift in Sources */,
				BCD29055EFBB2401B116B6E3 /* ReviewRunView.swift in Sources */,
				3AA49E1DEB947D1B011567D2 /* ReviewTabView.swift in Sources */,
				836B075E7D4B70630FCA593D /* SSEClient.swift in Sources */,
				11DFAF56423D11C5DDBE2C34 /* ServerImage.swift in Sources */,
				94657E0860679B913AE1A78D /* SkillsView.swift in Sources */,
				B3417CC338433628B03B7B1D /* SplitNav.swift in Sources */,
				0805B09651FBC60ED2B1F2CD /* SurfRunView.swift in Sources */,
				700ACB092004D07FC5D83EE8 /* SurfTabView.swift in Sources */,
				88978249B3DE9BBB9F495363 /* SwipeRevealRow.swift in Sources */,
				18BC93D327B246AC5A5AB9B4 /* TabHeaderBar.swift in Sources */,
				725DDD43D66F38A339B6EE39 /* TabRoot.swift in Sources */,
				642FBF31ECF09038C94D6065 /* TabTitle.swift in Sources */,
				24896FE870AF890607D5C008 /* Theme.swift in Sources */,
				4652FC81866F99C1C6AE6A11 /* TypingDots.swift in Sources */,
				DE00C4B1C0C0AAB4F6B05B01 /* UnreadStore.swift in Sources */,
				08962059E80F11B979C4C31C /* WebSocketClient.swift in Sources */,
				EAE5D86E4ECF3FDA0C9C43D3 /* WelcomeView.swift in Sources */,
			);
			runOnlyForDeploymentPostprocessing = 0;
		};
/* End PBXSourcesBuildPhase section */

/* Begin XCBuildConfiguration section */
		5F78C3397FB9D7E73D134061 /* Release */ = {
			isa = XCBuildConfiguration;
			buildSettings = {
				ASSETCATALOG_COMPILER_APPICON_NAME = AppIcon;
				ASSETCATALOG_COMPILER_GLOBAL_ACCENT_COLOR_NAME = AccentColor;
				CODE_SIGN_ENTITLEMENTS = PendingBot/Resources/PendingBot.entitlements;
				CODE_SIGN_IDENTITY = "iPhone Developer";
				CODE_SIGN_STYLE = Automatic;
				CURRENT_PROJECT_VERSION = 2;
				DERIVE_MACCATALYST_PRODUCT_BUNDLE_IDENTIFIER = NO;
				INFOPLIST_FILE = PendingBot/Resources/Info.plist;
				LD_RUNPATH_SEARCH_PATHS = (
					"$(inherited)",
					"@executable_path/Frameworks",
				);
				MARKETING_VERSION = 0.1.0;
				PRODUCT_BUNDLE_IDENTIFIER = com.pendingname.pendingbot;
				SDKROOT = iphoneos;
				SUPPORTED_PLATFORMS = "iphoneos iphonesimulator";
				SUPPORTS_MACCATALYST = YES;
				SUPPORTS_MAC_DESIGNED_FOR_IPHONE_IPAD = NO;
				SUPPORTS_XR_DESIGNED_FOR_IPHONE_IPAD = YES;
				TARGETED_DEVICE_FAMILY = "1,2";
			};
			name = Release;
		};
		737849DACE615938280F8CCE /* Debug */ = {
			isa = XCBuildConfiguration;
			buildSettings = {
				ASSETCATALOG_COMPILER_APPICON_NAME = AppIcon;
				ASSETCATALOG_COMPILER_GLOBAL_ACCENT_COLOR_NAME = AccentColor;
				CODE_SIGN_ENTITLEMENTS = PendingBot/Resources/PendingBot.entitlements;
				CODE_SIGN_IDENTITY = "iPhone Developer";
				CODE_SIGN_STYLE = Automatic;
				CURRENT_PROJECT_VERSION = 2;
				DERIVE_MACCATALYST_PRODUCT_BUNDLE_IDENTIFIER = NO;
				INFOPLIST_FILE = PendingBot/Resources/Info.plist;
				LD_RUNPATH_SEARCH_PATHS = (
					"$(inherited)",
					"@executable_path/Frameworks",
				);
				MARKETING_VERSION = 0.1.0;
				PRODUCT_BUNDLE_IDENTIFIER = com.pendingname.pendingbot;
				SDKROOT = iphoneos;
				SUPPORTED_PLATFORMS = "iphoneos iphonesimulator";
				SUPPORTS_MACCATALYST = YES;
				SUPPORTS_MAC_DESIGNED_FOR_IPHONE_IPAD = NO;
				SUPPORTS_XR_DESIGNED_FOR_IPHONE_IPAD = YES;
				TARGETED_DEVICE_FAMILY = "1,2";
			};
			name = Debug;
		};
		96F72BD2E9FD605080B8AB91 /* Debug */ = {
			isa = XCBuildConfiguration;
			buildSettings = {
				ALWAYS_SEARCH_USER_PATHS = NO;
				CLANG_ANALYZER_NONNULL = YES;
				CLANG_ANALYZER_NUMBER_OBJECT_CONVERSION = YES_AGGRESSIVE;
				CLANG_CXX_LANGUAGE_STANDARD = "gnu++14";
				CLANG_CXX_LIBRARY = "libc++";
				CLANG_ENABLE_MODULES = YES;
				CLANG_ENABLE_OBJC_ARC = YES;
				CLANG_ENABLE_OBJC_WEAK = YES;
				CLANG_WARN_BLOCK_CAPTURE_AUTORELEASING = YES;
				CLANG_WARN_BOOL_CONVERSION = YES;
				CLANG_WARN_COMMA = YES;
				CLANG_WARN_CONSTANT_CONVERSION = YES;
				CLANG_WARN_DEPRECATED_OBJC_IMPLEMENTATIONS = YES;
				CLANG_WARN_DIRECT_OBJC_ISA_USAGE = YES_ERROR;
				CLANG_WARN_DOCUMENTATION_COMMENTS = YES;
				CLANG_WARN_EMPTY_BODY = YES;
				CLANG_WARN_ENUM_CONVERSION = YES;
				CLANG_WARN_INFINITE_RECURSION = YES;
				CLANG_WARN_INT_CONVERSION = YES;
				CLANG_WARN_NON_LITERAL_NULL_CONVERSION = YES;
				CLANG_WARN_OBJC_IMPLICIT_RETAIN_SELF = YES;
				CLANG_WARN_OBJC_LITERAL_CONVERSION = YES;
				CLANG_WARN_OBJC_ROOT_CLASS = YES_ERROR;
				CLANG_WARN_QUOTED_INCLUDE_IN_FRAMEWORK_HEADER = YES;
				CLANG_WARN_RANGE_LOOP_ANALYSIS = YES;
				CLANG_WARN_STRICT_PROTOTYPES = YES;
				CLANG_WARN_SUSPICIOUS_MOVE = YES;
				CLANG_WARN_UNGUARDED_AVAILABILITY = YES_AGGRESSIVE;
				CLANG_WARN_UNREACHABLE_CODE = YES;
				CLANG_WARN__DUPLICATE_METHOD_MATCH = YES;
				COPY_PHASE_STRIP = NO;
				DEBUG_INFORMATION_FORMAT = dwarf;
				DEVELOPMENT_TEAM = M42BKJN82S;
				ENABLE_PREVIEWS = YES;
				ENABLE_STRICT_OBJC_MSGSEND = YES;
				ENABLE_TESTABILITY = YES;
				GCC_C_LANGUAGE_STANDARD = gnu11;
				GCC_DYNAMIC_NO_PIC = NO;
				GCC_NO_COMMON_BLOCKS = YES;
				GCC_OPTIMIZATION_LEVEL = 0;
				GCC_PREPROCESSOR_DEFINITIONS = (
					"$(inherited)",
					"DEBUG=1",
				);
				GCC_WARN_64_TO_32_BIT_CONVERSION = YES;
				GCC_WARN_ABOUT_RETURN_TYPE = YES_ERROR;
				GCC_WARN_UNDECLARED_SELECTOR = YES;
				GCC_WARN_UNINITIALIZED_AUTOS = YES_AGGRESSIVE;
				GCC_WARN_UNUSED_FUNCTION = YES;
				GCC_WARN_UNUSED_VARIABLE = YES;
				GENERATE_INFOPLIST_FILE = NO;
				IPHONEOS_DEPLOYMENT_TARGET = 17.0;
				MACOSX_DEPLOYMENT_TARGET = 14.0;
				MTL_ENABLE_DEBUG_INFO = INCLUDE_SOURCE;
				MTL_FAST_MATH = YES;
				ONLY_ACTIVE_ARCH = YES;
				PRODUCT_NAME = "$(TARGET_NAME)";
				SDKROOT = iphoneos;
				SWIFT_ACTIVE_COMPILATION_CONDITIONS = DEBUG;
				SWIFT_OPTIMIZATION_LEVEL = "-Onone";
				SWIFT_STRICT_CONCURRENCY = minimal;
				SWIFT_VERSION = 5.9;
			};
			name = Debug;
		};
		C96133BB7ECAF7457B04179C /* Release */ = {
			isa = XCBuildConfiguration;
			buildSettings = {
				ALWAYS_SEARCH_USER_PATHS = NO;
				CLANG_ANALYZER_NONNULL = YES;
				CLANG_ANALYZER_NUMBER_OBJECT_CONVERSION = YES_AGGRESSIVE;
				CLANG_CXX_LANGUAGE_STANDARD = "gnu++14";
				CLANG_CXX_LIBRARY = "libc++";
				CLANG_ENABLE_MODULES = YES;
				CLANG_ENABLE_OBJC_ARC = YES;
				CLANG_ENABLE_OBJC_WEAK = YES;
				CLANG_WARN_BLOCK_CAPTURE_AUTORELEASING = YES;
				CLANG_WARN_BOOL_CONVERSION = YES;
				CLANG_WARN_COMMA = YES;
				CLANG_WARN_CONSTANT_CONVERSION = YES;
				CLANG_WARN_DEPRECATED_OBJC_IMPLEMENTATIONS = YES;
				CLANG_WARN_DIRECT_OBJC_ISA_USAGE = YES_ERROR;
				CLANG_WARN_DOCUMENTATION_COMMENTS = YES;
				CLANG_WARN_EMPTY_BODY = YES;
				CLANG_WARN_ENUM_CONVERSION = YES;
				CLANG_WARN_INFINITE_RECURSION = YES;
				CLANG_WARN_INT_CONVERSION = YES;
				CLANG_WARN_NON_LITERAL_NULL_CONVERSION = YES;
				CLANG_WARN_OBJC_IMPLICIT_RETAIN_SELF = YES;
				CLANG_WARN_OBJC_LITERAL_CONVERSION = YES;
				CLANG_WARN_OBJC_ROOT_CLASS = YES_ERROR;
				CLANG_WARN_QUOTED_INCLUDE_IN_FRAMEWORK_HEADER = YES;
				CLANG_WARN_RANGE_LOOP_ANALYSIS = YES;
				CLANG_WARN_STRICT_PROTOTYPES = YES;
				CLANG_WARN_SUSPICIOUS_MOVE = YES;
				CLANG_WARN_UNGUARDED_AVAILABILITY = YES_AGGRESSIVE;
				CLANG_WARN_UNREACHABLE_CODE = YES;
				CLANG_WARN__DUPLICATE_METHOD_MATCH = YES;
				COPY_PHASE_STRIP = NO;
				DEBUG_INFORMATION_FORMAT = "dwarf-with-dsym";
				DEVELOPMENT_TEAM = M42BKJN82S;
				ENABLE_NS_ASSERTIONS = NO;
				ENABLE_PREVIEWS = YES;
				ENABLE_STRICT_OBJC_MSGSEND = YES;
				GCC_C_LANGUAGE_STANDARD = gnu11;
				GCC_NO_COMMON_BLOCKS = YES;
				GCC_WARN_64_TO_32_BIT_CONVERSION = YES;
				GCC_WARN_ABOUT_RETURN_TYPE = YES_ERROR;
				GCC_WARN_UNDECLARED_SELECTOR = YES;
				GCC_WARN_UNINITIALIZED_AUTOS = YES_AGGRESSIVE;
				GCC_WARN_UNUSED_FUNCTION = YES;
				GCC_WARN_UNUSED_VARIABLE = YES;
				GENERATE_INFOPLIST_FILE = NO;
				IPHONEOS_DEPLOYMENT_TARGET = 17.0;
				MACOSX_DEPLOYMENT_TARGET = 14.0;
				MTL_ENABLE_DEBUG_INFO = NO;
				MTL_FAST_MATH = YES;
				PRODUCT_NAME = "$(TARGET_NAME)";
				SDKROOT = iphoneos;
				SWIFT_COMPILATION_MODE = wholemodule;
				SWIFT_OPTIMIZATION_LEVEL = "-O";
				SWIFT_STRICT_CONCURRENCY = minimal;
				SWIFT_VERSION = 5.9;
			};
			name = Release;
		};
/* End XCBuildConfiguration section */

/* Begin XCConfigurationList section */
		C2C2521DE8AAF2696FC3F88B /* Build configuration list for PBXProject "PendingBot" */ = {
			isa = XCConfigurationList;
			buildConfigurations = (
				96F72BD2E9FD605080B8AB91 /* Debug */,
				C96133BB7ECAF7457B04179C /* Release */,
			);
			defaultConfigurationIsVisible = 0;
			defaultConfigurationName = Debug;
		};
		E443C09870F236B5BCD1BDB0 /* Build configuration list for PBXNativeTarget "PendingBot" */ = {
			isa = XCConfigurationList;
			buildConfigurations = (
				737849DACE615938280F8CCE /* Debug */,
				5F78C3397FB9D7E73D134061 /* Release */,
			);
			defaultConfigurationIsVisible = 0;
			defaultConfigurationName = Debug;
		};
/* End XCConfigurationList section */

/* Begin XCRemoteSwiftPackageReference section */
		5FBE73A66C7BD9E03B2ACD1D /* XCRemoteSwiftPackageReference "clerk-ios" */ = {
			isa = XCRemoteSwiftPackageReference;
			repositoryURL = "https://github.com/clerk/clerk-ios";
			requirement = {
				kind = upToNextMajorVersion;
				minimumVersion = 0.50.0;
			};
		};
		96B306B367BFCB52C99F8552 /* XCRemoteSwiftPackageReference "swift-markdown-ui" */ = {
			isa = XCRemoteSwiftPackageReference;
			repositoryURL = "https://github.com/gonzalezreal/swift-markdown-ui";
			requirement = {
				kind = upToNextMajorVersion;
				minimumVersion = 2.4.0;
			};
		};
/* End XCRemoteSwiftPackageReference section */

/* Begin XCSwiftPackageProductDependency section */
		23AC5D1A6CD4C748003E6936 /* MarkdownUI */ = {
			isa = XCSwiftPackageProductDependency;
			package = 96B306B367BFCB52C99F8552 /* XCRemoteSwiftPackageReference "swift-markdown-ui" */;
			productName = MarkdownUI;
		};
		AFDB3E0118BAB00C005053FA /* Clerk */ = {
			isa = XCSwiftPackageProductDependency;
			package = 5FBE73A66C7BD9E03B2ACD1D /* XCRemoteSwiftPackageReference "clerk-ios" */;
			productName = Clerk;
		};
/* End XCSwiftPackageProductDependency section */
	};
	rootObject = 742AE513BA55E25659A573B4 /* Project object */;
}
